
Microsoft Visual Studio Solution File, Format Version 12.00
# Visual Studio Version 17
VisualStudioVersion = 17.0.31903.59
MinimumVisualStudioVersion = 10.0.40219.1
Project("{FAE04EC0-301F-11D3-BF4B-00C04F79EFBC}") = "GalloTube", "GalloTube\GalloTube.csproj", "{BA1D772C-B6DD-47BA-ABE6-C22F6F8A9122}"
EndProject
Global
	GlobalSection(SolutionConfigurationPlatforms) = preSolution
		Debug|Any CPU = Debug|Any CPU
		Release|Any CPU = Release|Any CPU
	EndGlobalSection
	GlobalSection(SolutionProperties) = preSolution
		HideSolutionNode = FALSE
	EndGlobalSection
	GlobalSection(ProjectConfigurationPlatforms) = postSolution
		{BA1D772C-B6DD-47BA-ABE6-C22F6F8A9122}.Debug|Any CPU.ActiveCfg = Debug|Any CPU
		{BA1D772C-B6DD-47BA-ABE6-C22F6F8A9122}.Debug|Any CPU.Build.0 = Debug|Any CPU
		{BA1D772C-B6DD-47BA-ABE6-C22F6F8A9122}.Release|Any CPU.ActiveCfg = Release|Any CPU
		{BA1D772C-B6DD-47BA-ABE6-C22F6F8A9122}.Release|Any CPU.Build.0 = Release|Any CPU
	EndGlobalSection
EndGlobal
